
Microsoft Visual Studio Solution File, Format Version 12.00
# Visual Studio Version 17
VisualStudioVersion = 17.1.32228.430
MinimumVisualStudioVersion = 10.0.40219.1
Project("{FAE04EC0-301F-11D3-BF4B-00C04F79EFBC}") = "exercises1", "exercises1\exercises1.csproj", "{87515129-ED37-46E8-A8DE-EB0AB8023337}"
EndProject
Global
	GlobalSection(SolutionConfigurationPlatforms) = preSolution
		Debug|Any CPU = Debug|Any CPU
		Release|Any CPU = Release|Any CPU
	EndGlobalSection
	GlobalSection(ProjectConfigurationPlatforms) = postSolution
		{87515129-ED37-46E8-A8DE-EB0AB8023337}.Debug|Any CPU.ActiveCfg = Debug|Any CPU
		{87515129-ED37-46E8-A8DE-EB0AB8023337}.Debug|Any CPU.Build.0 = Debug|Any CPU
		{87515129-ED37-46E8-A8DE-EB0AB8023337}.Release|Any CPU.ActiveCfg = Release|Any CPU
		{87515129-ED37-46E8-A8DE-EB0AB8023337}.Release|Any CPU.Build.0 = Release|Any CPU
	EndGlobalSection
	GlobalSection(SolutionProperties) = preSolution
		HideSolutionNode = FALSE
	EndGlobalSection
	GlobalSection(ExtensibilityGlobals) = postSolution
		SolutionGuid = {5F71C983-0DC2-419A-9851-67750F806DD0}
	EndGlobalSection
EndGlobal
